
Microsoft Visual Studio Solution File, Format Version 12.00
# Visual Studio 14
VisualStudioVersion = 14.0.25420.1
MinimumVisualStudioVersion = 10.0.40219.1
Project("{FAE04EC0-301F-11D3-BF4B-00C04F79EFBC}") = "TestConsole", "TestConsole\TestConsole.csproj", "{BCE0C22C-FBF7-46CE-A797-F79E8F64BB2C}"
EndProject
Project("{FAE04EC0-301F-11D3-BF4B-00C04F79EFBC}") = "LagDaemon.GameEngine.Core", "LagDaemon.GameEngine.Core\LagDaemon.GameEngine.Core.csproj", "{DEA20028-EEFA-4048-8675-637FC435D2FB}"
EndProject
Project("{F2A71F9B-5D33-465A-A702-920D77279786}") = "LagDaemon.GameEngine.ResourceCompiler", "LagDaemon.GameEngine.ResourceCompiler\LagDaemon.GameEngine.ResourceCompiler.fsproj", "{5F3F7FFA-8E69-4FA4-9792-620FB2A38871}"
EndProject
Project("{FAE04EC0-301F-11D3-BF4B-00C04F79EFBC}") = "LagDaemon.GameEngine.DAL", "LagDaemon.GameEngine.DAL\LagDaemon.GameEngine.DAL.csproj", "{BE8199F9-3F86-4DB8-84B1-6B46E392A969}"
EndProject
Project("{FAE04EC0-301F-11D3-BF4B-00C04F79EFBC}") = "LagDaemon.GameEngine.Security", "LagDaemon.GameEngine.Security\LagDaemon.GameEngine.Security.csproj", "{6C0A6F18-7B71-4513-9F79-FB64F2551ECC}"
EndProject
Project("{F2A71F9B-5D33-465A-A702-920D77279786}") = "GameRunner", "GameRunner\GameRunner.fsproj", "{CFAD42CA-CBB2-4349-96BC-6E2A5C902561}"
EndProject
Global
	GlobalSection(SolutionConfigurationPlatforms) = preSolution
		Debug|Any CPU = Debug|Any CPU
		Release|Any CPU = Release|Any CPU
	EndGlobalSection
	GlobalSection(ProjectConfigurationPlatforms) = postSolution
		{BCE0C22C-FBF7-46CE-A797-F79E8F64BB2C}.Debug|Any CPU.ActiveCfg = Debug|Any CPU
		{BCE0C22C-FBF7-46CE-A797-F79E8F64BB2C}.Debug|Any CPU.Build.0 = Debug|Any CPU
		{BCE0C22C-FBF7-46CE-A797-F79E8F64BB2C}.Release|Any CPU.ActiveCfg = Release|Any CPU
		{BCE0C22C-FBF7-46CE-A797-F79E8F64BB2C}.Release|Any CPU.Build.0 = Release|Any CPU
		{DEA20028-EEFA-4048-8675-637FC435D2FB}.Debug|Any CPU.ActiveCfg = Debug|Any CPU
		{DEA20028-EEFA-4048-8675-637FC435D2FB}.Debug|Any CPU.Build.0 = Debug|Any CPU
		{DEA20028-EEFA-4048-8675-637FC435D2FB}.Release|Any CPU.ActiveCfg = Release|Any CPU
		{DEA20028-EEFA-4048-8675-637FC435D2FB}.Release|Any CPU.Build.0 = Release|Any CPU
		{5F3F7FFA-8E69-4FA4-9792-620FB2A38871}.Debug|Any CPU.ActiveCfg = Debug|Any CPU
		{5F3F7FFA-8E69-4FA4-9792-620FB2A38871}.Debug|Any CPU.Build.0 = Debug|Any CPU
		{5F3F7FFA-8E69-4FA4-9792-620FB2A38871}.Release|Any CPU.ActiveCfg = Release|Any CPU
		{5F3F7FFA-8E69-4FA4-9792-620FB2A38871}.Release|Any CPU.Build.0 = Release|Any CPU
		{BE8199F9-3F86-4DB8-84B1-6B46E392A969}.Debug|Any CPU.ActiveCfg = Debug|Any CPU
		{BE8199F9-3F86-4DB8-84B1-6B46E392A969}.Debug|Any CPU.Build.0 = Debug|Any CPU
		{BE8199F9-3F86-4DB8-84B1-6B46E392A969}.Release|Any CPU.ActiveCfg = Release|Any CPU
		{BE8199F9-3F86-4DB8-84B1-6B46E392A969}.Release|Any CPU.Build.0 = Release|Any CPU
		{6C0A6F18-7B71-4513-9F79-FB64F2551ECC}.Debug|Any CPU.ActiveCfg = Debug|Any CPU
		{6C0A6F18-7B71-4513-9F79-FB64F2551ECC}.Debug|Any CPU.Build.0 = Debug|Any CPU
		{6C0A6F18-7B71-4513-9F79-FB64F2551ECC}.Release|Any CPU.ActiveCfg = Release|Any CPU
		{6C0A6F18-7B71-4513-9F79-FB64F2551ECC}.Release|Any CPU.Build.0 = Release|Any CPU
		{CFAD42CA-CBB2-4349-96BC-6E2A5C902561}.Debug|Any CPU.ActiveCfg = Debug|Any CPU
		{CFAD42CA-CBB2-4349-96BC-6E2A5C902561}.Debug|Any CPU.Build.0 = Debug|Any CPU
		{CFAD42CA-CBB2-4349-96BC-6E2A5C902561}.Release|Any CPU.ActiveCfg = Release|Any CPU
		{CFAD42CA-CBB2-4349-96BC-6E2A5C902561}.Release|Any CPU.Build.0 = Release|Any CPU
	EndGlobalSection
	GlobalSection(SolutionProperties) = preSolution
		HideSolutionNode = FALSE
	EndGlobalSection
EndGlobal
